// !$*UTF8*$!
{
	archiveVersion = 1;
	classes = {
	};
	objectVersion = 55;
	objects = {

/* Begin PBXBuildFile section */
		851C05E62208169EC7D38913 /* Pods_flix.framework in Frameworks */ = {isa = PBXBuildFile; fileRef = 77F01A99DAED41C058E2B3DD /* Pods_flix.framework */; };
		BB39AE0722D829417B4F9301 /* Pods_flix_flixUITests.framework in Frameworks */ = {isa = PBXBuildFile; fileRef = 9F2ACA4729CD44FB399035DC /* Pods_flix_flixUITests.framework */; };
		CAA2DEE428D0BD13007E3FF3 /* MovieCell.swift in Sources */ = {isa = PBXBuildFile; fileRef = CAA2DEE328D0BD13007E3FF3 /* MovieCell.swift */; };
		CAA2DEE728D0CD20007E3FF3 /* AlamofireImage in Frameworks */ = {isa = PBXBuildFile; productRef = CAA2DEE628D0CD20007E3FF3 /* AlamofireImage */; };
		CAD6A18228D00CE300C606D2 /* AppDelegate.swift in Sources */ = {isa = PBXBuildFile; fileRef = CAD6A18128D00CE300C606D2 /* AppDelegate.swift */; };
		CAD6A18428D00CE300C606D2 /* SceneDelegate.swift in Sources */ = {isa = PBXBuildFile; fileRef = CAD6A18328D00CE300C606D2 /* SceneDelegate.swift */; };
		CAD6A18628D00CE300C606D2 /* ViewController.swift in Sources */ = {isa = PBXBuildFile; fileRef = CAD6A18528D00CE300C606D2 /* ViewController.swift */; };
		CAD6A18928D00CE300C606D2 /* Main.storyboard in Resources */ = {isa = PBXBuildFile; fileRef = CAD6A18728D00CE300C606D2 /* Main.storyboard */; };
		CAD6A18B28D00CE300C606D2 /* Assets.xcassets in Resources */ = {isa = PBXBuildFile; fileRef = CAD6A18A28D00CE300C606D2 /* Assets.xcassets */; };
		CAD6A18E28D00CE300C606D2 /* LaunchScreen.storyboard in Resources */ = {isa = PBXBuildFile; fileRef = CAD6A18C28D00CE300C606D2 /* LaunchScreen.storyboard */; };
		CAD6A19928D00CE400C606D2 /* flixTests.swift in Sources */ = {isa = PBXBuildFile; fileRef = CAD6A19828D00CE400C606D2 /* flixTests.swift */; };
		CAD6A1A328D00CE400C606D2 /* flixUITests.swift in Sources */ = {isa = PBXBuildFile; fileRef = CAD6A1A228D00CE400C606D2 /* flixUITests.swift */; };
		CAD6A1A528D00CE400C606D2 /* flixUITestsLaunchTests.swift in Sources */ = {isa = PBXBuildFile; fileRef = CAD6A1A428D00CE400C606D2 /* flixUITestsLaunchTests.swift */; };
		CAD6A1B228D00D2F00C606D2 /* MoviesViewController.swift in Sources */ = {isa = PBXBuildFile; fileRef = CAD6A1B128D00D2F00C606D2 /* MoviesViewController.swift */; };
		FC2DB171B06FEDDB654C8B6B /* Pods_flixTests.framework in Frameworks */ = {isa = PBXBuildFile; fileRef = 929AF766CD217BC8BD39B996 /* Pods_flixTests.framework */; };
/* End PBXBuildFile section */

/* Begin PBXContainerItemProxy section */
		CAD6A19528D00CE400C606D2 /* PBXContainerItemProxy */ = {
			isa = PBXContainerItemProxy;
			containerPortal = CAD6A17628D00CE300C606D2 /* Project object */;
			proxyType = 1;
			remoteGlobalIDString = CAD6A17D28D00CE300C606D2;
			remoteInfo = flix;
		};
		CAD6A19F28D00CE400C606D2 /* PBXContainerItemProxy */ = {
			isa = PBXContainerItemProxy;
			containerPortal = CAD6A17628D00CE300C606D2 /* Project object */;
			proxyType = 1;
			remoteGlobalIDString = CAD6A17D28D00CE300C606D2;
			remoteInfo = flix;
		};
/* End PBXContainerItemProxy section */

/* Begin PBXFileReference section */
		77F01A99DAED41C058E2B3DD /* Pods_flix.framework */ = {isa = PBXFileReference; explicitFileType = wrapper.framework; includeInIndex = 0; path = Pods_flix.framework; sourceTree = BUILT_PRODUCTS_DIR; };
		7A29070A82E16637892AC58C /* Pods-flix.release.xcconfig */ = {isa = PBXFileReference; includeInIndex = 1; lastKnownFileType = text.xcconfig; name = "Pods-flix.release.xcconfig"; path = "Target Support Files/Pods-flix/Pods-flix.release.xcconfig"; sourceTree = "<group>"; };
		929AF766CD217BC8BD39B996 /* Pods_flixTests.framework */ = {isa = PBXFileReference; explicitFileType = wrapper.framework; includeInIndex = 0; path = Pods_flixTests.framework; sourceTree = BUILT_PRODUCTS_DIR; };
		93FE66E721F2425E114674EF /* Pods-flix.debug.xcconfig */ = {isa = PBXFileReference; includeInIndex = 1; lastKnownFileType = text.xcconfig; name = "Pods-flix.debug.xcconfig"; path = "Target Support Files/Pods-flix/Pods-flix.debug.xcconfig"; sourceTree = "<group>"; };
		9F2ACA4729CD44FB399035DC /* Pods_flix_flixUITests.framework */ = {isa = PBXFileReference; explicitFileType = wrapper.framework; includeInIndex = 0; path = Pods_flix_flixUITests.framework; sourceTree = BUILT_PRODUCTS_DIR; };
		BB3EE8E4F1F07B144161761A /* Pods-flixTests.debug.xcconfig */ = {isa = PBXFileReference; includeInIndex = 1; lastKnownFileType = text.xcconfig; name = "Pods-flixTests.debug.xcconfig"; path = "Target Support Files/Pods-flixTests/Pods-flixTests.debug.xcconfig"; sourceTree = "<group>"; };
		CA3C9164091266FC03E436ED /* Pods-flixTests.release.xcconfig */ = {isa = PBXFileReference; includeInIndex = 1; lastKnownFileType = text.xcconfig; name = "Pods-flixTests.release.xcconfig"; path = "Target Support Files/Pods-flixTests/Pods-flixTests.release.xcconfig"; sourceTree = "<group>"; };
		CAA2DEE328D0BD13007E3FF3 /* MovieCell.swift */ = {isa = PBXFileReference; lastKnownFileType = sourcecode.swift; path = MovieCell.swift; sourceTree = "<group>"; };
		CAD6A17E28D00CE300C606D2 /* flix.app */ = {isa = PBXFileReference; explicitFileType = wrapper.application; includeInIndex = 0; path = flix.app; sourceTree = BUILT_PRODUCTS_DIR; };
		CAD6A18128D00CE300C606D2 /* AppDelegate.swift */ = {isa = PBXFileReference; lastKnownFileType = sourcecode.swift; path = AppDelegate.swift; sourceTree = "<group>"; };
		CAD6A18328D00CE300C606D2 /* SceneDelegate.swift */ = {isa = PBXFileReference; lastKnownFileType = sourcecode.swift; path = SceneDelegate.swift; sourceTree = "<group>"; };
		CAD6A18528D00CE300C606D2 /* ViewController.swift */ = {isa = PBXFileReference; lastKnownFileType = sourcecode.swift; path = ViewController.swift; sourceTree = "<group>"; };
		CAD6A18828D00CE300C606D2 /* Base */ = {isa = PBXFileReference; lastKnownFileType = file.storyboard; name = Base; path = Base.lproj/Main.storyboard; sourceTree = "<group>"; };
		CAD6A18A28D00CE300C606D2 /* Assets.xcassets */ = {isa = PBXFileReference; lastKnownFileType = folder.assetcatalog; path = Assets.xcassets; sourceTree = "<group>"; };
		CAD6A18D28D00CE300C606D2 /* Base */ = {isa = PBXFileReference; lastKnownFileType = file.storyboard; name = Base; path = Base.lproj/LaunchScreen.storyboard; sourceTree = "<group>"; };
		CAD6A18F28D00CE300C606D2 /* Info.plist */ = {isa = PBXFileReference; lastKnownFileType = text.plist.xml; path = Info.plist; sourceTree = "<group>"; };
		CAD6A19428D00CE400C606D2 /* flixTests.xctest */ = {isa = PBXFileReference; explicitFileType = wrapper.cfbundle; includeInIndex = 0; path = flixTests.xctest; sourceTree = BUILT_PRODUCTS_DIR; };
		CAD6A19828D00CE400C606D2 /* flixTests.swift */ = {isa = PBXFileReference; lastKnownFileType = sourcecode.swift; path = flixTests.swift; sourceTree = "<group>"; };
		CAD6A19E28D00CE400C606D2 /* flixUITests.xctest */ = {isa = PBXFileReference; explicitFileType = wrapper.cfbundle; includeInIndex = 0; path = flixUITests.xctest; sourceTree = BUILT_PRODUCTS_DIR; };
		CAD6A1A228D00CE400C606D2 /* flixUITests.swift */ = {isa = PBXFileReference; lastKnownFileType = sourcecode.swift; path = flixUITests.swift; sourceTree = "<group>"; };
		CAD6A1A428D00CE400C606D2 /* flixUITestsLaunchTests.swift */ = {isa = PBXFileReference; lastKnownFileType = sourcecode.swift; path = flixUITestsLaunchTests.swift; sourceTree = "<group>"; };
		CAD6A1B128D00D2F00C606D2 /* MoviesViewController.swift */ = {isa = PBXFileReference; lastKnownFileType = sourcecode.swift; path = MoviesViewController.swift; sourceTree = "<group>"; };
		E6D4BD6BEF10B4D240492873 /* Pods-flix-flixUITests.debug.xcconfig */ = {isa = PBXFileReference; includeInIndex = 1; lastKnownFileType = text.xcconfig; name = "Pods-flix-flixUITests.debug.xcconfig"; path = "Target Support Files/Pods-flix-flixUITests/Pods-flix-flixUITests.debug.xcconfig"; sourceTree = "<group>"; };
		ED2B53686E7B8A4CF1255371 /* Pods-flix-flixUITests.release.xcconfig */ = {isa = PBXFileReference; includeInIndex = 1; lastKnownFileType = text.xcconfig; name = "Pods-flix-flixUITests.release.xcconfig"; path = "Target Support Files/Pods-flix-flixUITests/Pods-flix-flixUITests.release.xcconfig"; sourceTree = "<group>"; };
/* End PBXFileReference section */

/* Begin PBXFrameworksBuildPhase section */
		CAD6A17B28D00CE300C606D2 /* Frameworks */ = {
			isa = PBXFrameworksBuildPhase;
			buildActionMask = 2147483647;
			files = (
				CAA2DEE728D0CD20007E3FF3 /* AlamofireImage in Frameworks */,
				851C05E62208169EC7D38913 /* Pods_flix.framework in Frameworks */,
			);
			runOnlyForDeploymentPostprocessing = 0;
		};
		CAD6A19128D00CE400C606D2 /* Frameworks */ = {
			isa = PBXFrameworksBuildPhase;
			buildActionMask = 2147483647;
			files = (
				FC2DB171B06FEDDB654C8B6B /* Pods_flixTests.framework in Frameworks */,
			);
			runOnlyForDeploymentPostprocessing = 0;
		};
		CAD6A19B28D00CE400C606D2 /* Frameworks */ = {
			isa = PBXFrameworksBuildPhase;
			buildActionMask = 2147483647;
			files = (
				BB39AE0722D829417B4F9301 /* Pods_flix_flixUITests.framework in Frameworks */,
			);
			runOnlyForDeploymentPostprocessing = 0;
		};
/* End PBXFrameworksBuildPhase section */

/* Begin PBXGroup section */
		6FE9D29E85336DF376FA6808 /* Pods */ = {
			isa = PBXGroup;
			children = (
				93FE66E721F2425E114674EF /* Pods-flix.debug.xcconfig */,
				7A29070A82E16637892AC58C /* Pods-flix.release.xcconfig */,
				E6D4BD6BEF10B4D240492873 /* Pods-flix-flixUITests.debug.xcconfig */,
				ED2B53686E7B8A4CF1255371 /* Pods-flix-flixUITests.release.xcconfig */,
				BB3EE8E4F1F07B144161761A /* Pods-flixTests.debug.xcconfig */,
				CA3C9164091266FC03E436ED /* Pods-flixTests.release.xcconfig */,
			);
			name = Pods;
			path = Pods;
			sourceTree = "<group>";
		};
		7AD6893F36C63C3E3368A83C /* Frameworks */ = {
			isa = PBXGroup;
			children = (
				77F01A99DAED41C058E2B3DD /* Pods_flix.framework */,
				9F2ACA4729CD44FB399035DC /* Pods_flix_flixUITests.framework */,
				929AF766CD217BC8BD39B996 /* Pods_flixTests.framework */,
			);
			name = Frameworks;
			sourceTree = "<group>";
		};
		CAD6A17528D00CE300C606D2 = {
			isa = PBXGroup;
			children = (
				CAD6A18028D00CE300C606D2 /* flix */,
				CAD6A19728D00CE400C606D2 /* flixTests */,
				CAD6A1A128D00CE400C606D2 /* flixUITests */,
				CAD6A17F28D00CE300C606D2 /* Products */,
				6FE9D29E85336DF376FA6808 /* Pods */,
				7AD6893F36C63C3E3368A83C /* Frameworks */,
			);
			sourceTree = "<group>";
		};
		CAD6A17F28D00CE300C606D2 /* Products */ = {
			isa = PBXGroup;
			children = (
				CAD6A17E28D00CE300C606D2 /* flix.app */,
				CAD6A19428D00CE400C606D2 /* flixTests.xctest */,
				CAD6A19E28D00CE400C606D2 /* flixUITests.xctest */,
			);
			name = Products;
			sourceTree = "<group>";
		};
		CAD6A18028D00CE300C606D2 /* flix */ = {
			isa = PBXGroup;
			children = (
				CAD6A18128D00CE300C606D2 /* AppDelegate.swift */,
				CAD6A18328D00CE300C606D2 /* SceneDelegate.swift */,
				CAD6A18528D00CE300C606D2 /* ViewController.swift */,
				CAD6A18728D00CE300C606D2 /* Main.storyboard */,
				CAD6A18A28D00CE300C606D2 /* Assets.xcassets */,
				CAD6A18C28D00CE300C606D2 /* LaunchScreen.storyboard */,
				CAD6A18F28D00CE300C606D2 /* Info.plist */,
				CAD6A1B128D00D2F00C606D2 /* MoviesViewController.swift */,
				CAA2DEE328D0BD13007E3FF3 /* MovieCell.swift */,
			);
			path = flix;
			sourceTree = "<group>";
		};
		CAD6A19728D00CE400C606D2 /* flixTests */ = {
			isa = PBXGroup;
			children = (
				CAD6A19828D00CE400C606D2 /* flixTests.swift */,
			);
			path = flixTests;
			sourceTree = "<group>";
		};
		CAD6A1A128D00CE400C606D2 /* flixUITests */ = {
			isa = PBXGroup;
			children = (
				CAD6A1A228D00CE400C606D2 /* flixUITests.swift */,
				CAD6A1A428D00CE400C606D2 /* flixUITestsLaunchTests.swift */,
			);
			path = flixUITests;
			sourceTree = "<group>";
		};
/* End PBXGroup section */

/* Begin PBXNativeTarget section */
		CAD6A17D28D00CE300C606D2 /* flix */ = {
			isa = PBXNativeTarget;
			buildConfigurationList = CAD6A1A828D00CE400C606D2 /* Build configuration list for PBXNativeTarget "flix" */;
			buildPhases = (
				7696ADAC007E4851EE22DD72 /* [CP] Check Pods Manifest.lock */,
				CAD6A17A28D00CE300C606D2 /* Sources */,
				CAD6A17B28D00CE300C606D2 /* Frameworks */,
				CAD6A17C28D00CE300C606D2 /* Resources */,
				06B698FAAEF595C347C1F46B /* [CP] Embed Pods Frameworks */,
			);
			buildRules = (
			);
			dependencies = (
			);
			name = flix;
			packageProductDependencies = (
				CAA2DEE628D0CD20007E3FF3 /* AlamofireImage */,
			);
			productName = flix;
			productReference = CAD6A17E28D00CE300C606D2 /* flix.app */;
			productType = "com.apple.product-type.application";
		};
		CAD6A19328D00CE400C606D2 /* flixTests */ = {
			isa = PBXNativeTarget;
			buildConfigurationList = CAD6A1AB28D00CE400C606D2 /* Build configuration list for PBXNativeTarget "flixTests" */;
			buildPhases = (
				1C708B9881789F19B560EFF0 /* [CP] Check Pods Manifest.lock */,
				CAD6A19028D00CE400C606D2 /* Sources */,
				CAD6A19128D00CE400C606D2 /* Frameworks */,
				CAD6A19228D00CE400C606D2 /* Resources */,
			);
			buildRules = (
			);
			dependencies = (
				CAD6A19628D00CE400C606D2 /* PBXTargetDependency */,
			);
			name = flixTests;
			productName = flixTests;
			productReference = CAD6A19428D00CE400C606D2 /* flixTests.xctest */;
			productType = "com.apple.product-type.bundle.unit-test";
		};
		CAD6A19D28D00CE400C606D2 /* flixUITests */ = {
			isa = PBXNativeTarget;
			buildConfigurationList = CAD6A1AE28D00CE400C606D2 /* Build configuration list for PBXNativeTarget "flixUITests" */;
			buildPhases = (
				4A29B0602580D1F48CD0F624 /* [CP] Check Pods Manifest.lock */,
				CAD6A19A28D00CE400C606D2 /* Sources */,
				CAD6A19B28D00CE400C606D2 /* Frameworks */,
				CAD6A19C28D00CE400C606D2 /* Resources */,
				AEC051AEF674CE50453B2A0B /* [CP] Embed Pods Frameworks */,
			);
			buildRules = (
			);
			dependencies = (
				CAD6A1A028D00CE400C606D2 /* PBXTargetDependency */,
			);
			name = flixUITests;
			productName = flixUITests;
			productReference = CAD6A19E28D00CE400C606D2 /* flixUITests.xctest */;
			productType = "com.apple.product-type.bundle.ui-testing";
		};
/* End PBXNativeTarget section */

/* Begin PBXProject section */
		CAD6A17628D00CE300C606D2 /* Project object */ = {
			isa = PBXProject;
			attributes = {
				BuildIndependentTargetsInParallel = 1;
				LastSwiftUpdateCheck = 1340;
				LastUpgradeCheck = 1340;
				TargetAttributes = {
					CAD6A17D28D00CE300C606D2 = {
						CreatedOnToolsVersion = 13.4.1;
					};
					CAD6A19328D00CE400C606D2 = {
						CreatedOnToolsVersion = 13.4.1;
						TestTargetID = CAD6A17D28D00CE300C606D2;
					};
					CAD6A19D28D00CE400C606D2 = {
						CreatedOnToolsVersion = 13.4.1;
						TestTargetID = CAD6A17D28D00CE300C606D2;
					};
				};
			};
			buildConfigurationList = CAD6A17928D00CE300C606D2 /* Build configuration list for PBXProject "flix" */;
			compatibilityVersion = "Xcode 13.0";
			developmentRegion = en;
			hasScannedForEncodings = 0;
			knownRegions = (
				en,
				Base,
			);
			mainGroup = CAD6A17528D00CE300C606D2;
			packageReferences = (
				CAA2DEE528D0CD20007E3FF3 /* XCRemoteSwiftPackageReference "AlamofireImage" */,
			);
			productRefGroup = CAD6A17F28D00CE300C606D2 /* Products */;
			projectDirPath = "";
			projectRoot = "";
			targets = (
				CAD6A17D28D00CE300C606D2 /* flix */,
				CAD6A19328D00CE400C606D2 /* flixTests */,
				CAD6A19D28D00CE400C606D2 /* flixUITests */,
			);
		};
/* End PBXProject section */

/* Begin PBXResourcesBuildPhase section */
		CAD6A17C28D00CE300C606D2 /* Resources */ = {
			isa = PBXResourcesBuildPhase;
			buildActionMask = 2147483647;
			files = (
				CAD6A18E28D00CE300C606D2 /* LaunchScreen.storyboard in Resources */,
				CAD6A18B28D00CE300C606D2 /* Assets.xcassets in Resources */,
				CAD6A18928D00CE300C606D2 /* Main.storyboard in Resources */,
			);
			runOnlyForDeploymentPostprocessing = 0;
		};
		CAD6A19228D00CE400C606D2 /* Resources */ = {
			isa = PBXResourcesBuildPhase;
			buildActionMask = 2147483647;
			files = (
			);
			runOnlyForDeploymentPostprocessing = 0;
		};
		CAD6A19C28D00CE400C606D2 /* Resources */ = {
			isa = PBXResourcesBuildPhase;
			buildActionMask = 2147483647;
			files = (
			);
			runOnlyForDeploymentPostprocessing = 0;
		};
/* End PBXResourcesBuildPhase section */

/* Begin PBXShellScriptBuildPhase section */
		06B698FAAEF595C347C1F46B /* [CP] Embed Pods Frameworks */ = {
			isa = PBXShellScriptBuildPhase;
			buildActionMask = 2147483647;
			files = (
			);
			inputFileListPaths = (
				"${PODS_ROOT}/Target Support Files/Pods-flix/Pods-flix-frameworks-${CONFIGURATION}-input-files.xcfilelist",
			);
			name = "[CP] Embed Pods Frameworks";
			outputFileListPaths = (
				"${PODS_ROOT}/Target Support Files/Pods-flix/Pods-flix-frameworks-${CONFIGURATION}-output-files.xcfilelist",
			);
			runOnlyForDeploymentPostprocessing = 0;
			shellPath = /bin/sh;
			shellScript = "\"${PODS_ROOT}/Target Support Files/Pods-flix/Pods-flix-frameworks.sh\"\n";
			showEnvVarsInLog = 0;
		};
		1C708B9881789F19B560EFF0 /* [CP] Check Pods Manifest.lock */ = {
			isa = PBXShellScriptBuildPhase;
			buildActionMask = 2147483647;
			files = (
			);
			inputFileListPaths = (
			);
			inputPaths = (
				"${PODS_PODFILE_DIR_PATH}/Podfile.lock",
				"${PODS_ROOT}/Manifest.lock",
			);
			name = "[CP] Check Pods Manifest.lock";
			outputFileListPaths = (
			);
			outputPaths = (
				"$(DERIVED_FILE_DIR)/Pods-flixTests-checkManifestLockResult.txt",
			);
			runOnlyForDeploymentPostprocessing = 0;
			shellPath = /bin/sh;
			shellScript = "diff \"${PODS_PODFILE_DIR_PATH}/Podfile.lock\" \"${PODS_ROOT}/Manifest.lock\" > /dev/null\nif [ $? != 0 ] ; then\n    # print error to STDERR\n    echo \"error: The sandbox is not in sync with the Podfile.lock. Run 'pod install' or update your CocoaPods installation.\" >&2\n    exit 1\nfi\n# This output is used by Xcode 'outputs' to avoid re-running this script phase.\necho \"SUCCESS\" > \"${SCRIPT_OUTPUT_FILE_0}\"\n";
			showEnvVarsInLog = 0;
		};
		4A29B0602580D1F48CD0F624 /* [CP] Check Pods Manifest.lock */ = {
			isa = PBXShellScriptBuildPhase;
			buildActionMask = 2147483647;
			files = (
			);
			inputFileListPaths = (
			);
			inputPaths = (
				"${PODS_PODFILE_DIR_PATH}/Podfile.lock",
				"${PODS_ROOT}/Manifest.lock",
			);
			name = "[CP] Check Pods Manifest.lock";
			outputFileListPaths = (
			);
			outputPaths = (
				"$(DERIVED_FILE_DIR)/Pods-flix-flixUITests-checkManifestLockResult.txt",
			);
			runOnlyForDeploymentPostprocessing = 0;
			shellPath = /bin/sh;
			shellScript = "diff \"${PODS_PODFILE_DIR_PATH}/Podfile.lock\" \"${PODS_ROOT}/Manifest.lock\" > /dev/null\nif [ $? != 0 ] ; then\n    # print error to STDERR\n    echo \"error: The sandbox is not in sync with the Podfile.lock. Run 'pod install' or update your CocoaPods installation.\" >&2\n    exit 1\nfi\n# This output is used by Xcode 'outputs' to avoid re-running this script phase.\necho \"SUCCESS\" > \"${SCRIPT_OUTPUT_FILE_0}\"\n";
			showEnvVarsInLog = 0;
		};
		7696ADAC007E4851EE22DD72 /* [CP] Check Pods Manifest.lock */ = {
			isa = PBXShellScriptBuildPhase;
			buildActionMask = 2147483647;
			files = (
			);
			inputFileListPaths = (
			);
			inputPaths = (
				"${PODS_PODFILE_DIR_PATH}/Podfile.lock",
				"${PODS_ROOT}/Manifest.lock",
			);
			name = "[CP] Check Pods Manifest.lock";
			outputFileListPaths = (
			);
			outputPaths = (
				"$(DERIVED_FILE_DIR)/Pods-flix-checkManifestLockResult.txt",
			);
			runOnlyForDeploymentPostprocessing = 0;
			shellPath = /bin/sh;
			shellScript = "diff \"${PODS_PODFILE_DIR_PATH}/Podfile.lock\" \"${PODS_ROOT}/Manifest.lock\" > /dev/null\nif [ $? != 0 ] ; then\n    # print error to STDERR\n    echo \"error: The sandbox is not in sync with the Podfile.lock. Run 'pod install' or update your CocoaPods installation.\" >&2\n    exit 1\nfi\n# This output is used by Xcode 'outputs' to avoid re-running this script phase.\necho \"SUCCESS\" > \"${SCRIPT_OUTPUT_FILE_0}\"\n";
			showEnvVarsInLog = 0;
		};
		AEC051AEF674CE50453B2A0B /* [CP] Embed Pods Frameworks */ = {
			isa = PBXShellScriptBuildPhase;
			buildActionMask = 2147483647;
			files = (
			);
			inputFileListPaths = (
				"${PODS_ROOT}/Target Support Files/Pods-flix-flixUITests/Pods-flix-flixUITests-frameworks-${CONFIGURATION}-input-files.xcfilelist",
			);
			name = "[CP] Embed Pods Frameworks";
			outputFileListPaths = (
				"${PODS_ROOT}/Target Support Files/Pods-flix-flixUITests/Pods-flix-flixUITests-frameworks-${CONFIGURATION}-output-files.xcfilelist",
			);
			runOnlyForDeploymentPostprocessing = 0;
			shellPath = /bin/sh;
			shellScript = "\"${PODS_ROOT}/Target Support Files/Pods-flix-flixUITests/Pods-flix-flixUITests-frameworks.sh\"\n";
			showEnvVarsInLog = 0;
		};
/* End PBXShellScriptBuildPhase section */

/* Begin PBXSourcesBuildPhase section */
		CAD6A17A28D00CE300C606D2 /* Sources */ = {
			isa = PBXSourcesBuildPhase;
			buildActionMask = 2147483647;
			files = (
				CAD6A18628D00CE300C606D2 /* ViewController.swift in Sources */,
				CAD6A18228D00CE300C606D2 /* AppDelegate.swift in Sources */,
				CAD6A18428D00CE300C606D2 /* SceneDelegate.swift in Sources */,
				CAA2DEE428D0BD13007E3FF3 /* MovieCell.swift in Sources */,
				CAD6A1B228D00D2F00C606D2 /* MoviesViewController.swift in Sources */,
			);
			runOnlyForDeploymentPostprocessing = 0;
		};
		CAD6A19028D00CE400C606D2 /* Sources */ = {
			isa = PBXSourcesBuildPhase;
			buildActionMask = 2147483647;
			files = (
				CAD6A19928D00CE400C606D2 /* flixTests.swift in Sources */,
			);
			runOnlyForDeploymentPostprocessing = 0;
		};
		CAD6A19A28D00CE400C606D2 /* Sources */ = {
			isa = PBXSourcesBuildPhase;
			buildActionMask = 2147483647;
			files = (
				CAD6A1A328D00CE400C606D2 /* flixUITests.swift in Sources */,
				CAD6A1A528D00CE400C606D2 /* flixUITestsLaunchTests.swift in Sources */,
			);
			runOnlyForDeploymentPostprocessing = 0;
		};
/* End PBXSourcesBuildPhase section */

/* Begin PBXTargetDependency section */
		CAD6A19628D00CE400C606D2 /* PBXTargetDependency */ = {
			isa = PBXTargetDependency;
			target = CAD6A17D28D00CE300C606D2 /* flix */;
			targetProxy = CAD6A19528D00CE400C606D2 /* PBXContainerItemProxy */;
		};
		CAD6A1A028D00CE400C606D2 /* PBXTargetDependency */ = {
			isa = PBXTargetDependency;
			target = CAD6A17D28D00CE300C606D2 /* flix */;
			targetProxy = CAD6A19F28D00CE400C606D2 /* PBXContainerItemProxy */;
		};
/* End PBXTargetDependency section */

/* Begin PBXVariantGroup section */
		CAD6A18728D00CE300C606D2 /* Main.storyboard */ = {
			isa = PBXVariantGroup;
			children = (
				CAD6A18828D00CE300C606D2 /* Base */,
			);
			name = Main.storyboard;
			sourceTree = "<group>";
		};
		CAD6A18C28D00CE300C606D2 /* LaunchScreen.storyboard */ = {
			isa = PBXVariantGroup;
			children = (
				CAD6A18D28D00CE300C606D2 /* Base */,
			);
			name = LaunchScreen.storyboard;
			sourceTree = "<group>";
		};
/* End PBXVariantGroup section */

/* Begin XCBuildConfiguration section */
		CAD6A1A628D00CE400C606D2 /* Debug */ = {
			isa = XCBuildConfiguration;
			buildSettings = {
				ALWAYS_SEARCH_USER_PATHS = NO;
				CLANG_ANALYZER_NONNULL = YES;
				CLANG_ANALYZER_NUMBER_OBJECT_CONVERSION = YES_AGGRESSIVE;
				CLANG_CXX_LANGUAGE_STANDARD = "gnu++17";
				CLANG_ENABLE_MODULES = YES;
				CLANG_ENABLE_OBJC_ARC = YES;
				CLANG_ENABLE_OBJC_WEAK = YES;
				CLANG_WARN_BLOCK_CAPTURE_AUTORELEASING = YES;
				CLANG_WARN_BOOL_CONVERSION = YES;
				CLANG_WARN_COMMA = YES;
				CLANG_WARN_CONSTANT_CONVERSION = YES;
				CLANG_WARN_DEPRECATED_OBJC_IMPLEMENTATIONS = YES;
				CLANG_WARN_DIRECT_OBJC_ISA_USAGE = YES_ERROR;
				CLANG_WARN_DOCUMENTATION_COMMENTS = YES;
				CLANG_WARN_EMPTY_BODY = YES;
				CLANG_WARN_ENUM_CONVERSION = YES;
				CLANG_WARN_INFINITE_RECURSION = YES;
				CLANG_WARN_INT_CONVERSION = YES;
				CLANG_WARN_NON_LITERAL_NULL_CONVERSION = YES;
				CLANG_WARN_OBJC_IMPLICIT_RETAIN_SELF = YES;
				CLANG_WARN_OBJC_LITERAL_CONVERSION = YES;
				CLANG_WARN_OBJC_ROOT_CLASS = YES_ERROR;
				CLANG_WARN_QUOTED_INCLUDE_IN_FRAMEWORK_HEADER = YES;
				CLANG_WARN_RANGE_LOOP_ANALYSIS = YES;
				CLANG_WARN_STRICT_PROTOTYPES = YES;
				CLANG_WARN_SUSPICIOUS_MOVE = YES;
				CLANG_WARN_UNGUARDED_AVAILABILITY = YES_AGGRESSIVE;
				CLANG_WARN_UNREACHABLE_CODE = YES;
				CLANG_WARN__DUPLICATE_METHOD_MATCH = YES;
				COPY_PHASE_STRIP = NO;
				DEBUG_INFORMATION_FORMAT = dwarf;
				ENABLE_STRICT_OBJC_MSGSEND = YES;
				ENABLE_TESTABILITY = YES;
				GCC_C_LANGUAGE_STANDARD = gnu11;
				GCC_DYNAMIC_NO_PIC = NO;
				GCC_NO_COMMON_BLOCKS = YES;
				GCC_OPTIMIZATION_LEVEL = 0;
				GCC_PREPROCESSOR_DEFINITIONS = (
					"DEBUG=1",
					"$(inherited)",
				);
				GCC_WARN_64_TO_32_BIT_CONVERSION = YES;
				GCC_WARN_ABOUT_RETURN_TYPE = YES_ERROR;
				GCC_WARN_UNDECLARED_SELECTOR = YES;
				GCC_WARN_UNINITIALIZED_AUTOS = YES_AGGRESSIVE;
				GCC_WARN_UNUSED_FUNCTION = YES;
				GCC_WARN_UNUSED_VARIABLE = YES;
				IPHONEOS_DEPLOYMENT_TARGET = 15.5;
				MTL_ENABLE_DEBUG_INFO = INCLUDE_SOURCE;
				MTL_FAST_MATH = YES;
				ONLY_ACTIVE_ARCH = YES;
				SDKROOT = iphoneos;
				SWIFT_ACTIVE_COMPILATION_CONDITIONS = DEBUG;
				SWIFT_OPTIMIZATION_LEVEL = "-Onone";
			};
			name = Debug;
		};
		CAD6A1A728D00CE400C606D2 /* Release */ = {
			isa = XCBuildConfiguration;
			buildSettings = {
				ALWAYS_SEARCH_USER_PATHS = NO;
				CLANG_ANALYZER_NONNULL = YES;
				CLANG_ANALYZER_NUMBER_OBJECT_CONVERSION = YES_AGGRESSIVE;
				CLANG_CXX_LANGUAGE_STANDARD = "gnu++17";
				CLANG_ENABLE_MODULES = YES;
				CLANG_ENABLE_OBJC_ARC = YES;
				CLANG_ENABLE_OBJC_WEAK = YES;
				CLANG_WARN_BLOCK_CAPTURE_AUTORELEASING = YES;
				CLANG_WARN_BOOL_CONVERSION = YES;
				CLANG_WARN_COMMA = YES;
				CLANG_WARN_CONSTANT_CONVERSION = YES;
				CLANG_WARN_DEPRECATED_OBJC_IMPLEMENTATIONS = YES;
				CLANG_WARN_DIRECT_OBJC_ISA_USAGE = YES_ERROR;
				CLANG_WARN_DOCUMENTATION_COMMENTS = YES;
				CLANG_WARN_EMPTY_BODY = YES;
				CLANG_WARN_ENUM_CONVERSION = YES;
				CLANG_WARN_INFINITE_RECURSION = YES;
				CLANG_WARN_INT_CONVERSION = YES;
				CLANG_WARN_NON_LITERAL_NULL_CONVERSION = YES;
				CLANG_WARN_OBJC_IMPLICIT_RETAIN_SELF = YES;
				CLANG_WARN_OBJC_LITERAL_CONVERSION = YES;
				CLANG_WARN_OBJC_ROOT_CLASS = YES_ERROR;
				CLANG_WARN_QUOTED_INCLUDE_IN_FRAMEWORK_HEADER = YES;
				CLANG_WARN_RANGE_LOOP_ANALYSIS = YES;
				CLANG_WARN_STRICT_PROTOTYPES = YES;
				CLANG_WARN_SUSPICIOUS_MOVE = YES;
				CLANG_WARN_UNGUARDED_AVAILABILITY = YES_AGGRESSIVE;
				CLANG_WARN_UNREACHABLE_CODE = YES;
				CLANG_WARN__DUPLICATE_METHOD_MATCH = YES;
				COPY_PHASE_STRIP = NO;
				DEBUG_INFORMATION_FORMAT = "dwarf-with-dsym";
				ENABLE_NS_ASSERTIONS = NO;
				ENABLE_STRICT_OBJC_MSGSEND = YES;
				GCC_C_LANGUAGE_STANDARD = gnu11;
				GCC_NO_COMMON_BLOCKS = YES;
				GCC_WARN_64_TO_32_BIT_CONVERSION = YES;
				GCC_WARN_ABOUT_RETURN_TYPE = YES_ERROR;
				GCC_WARN_UNDECLARED_SELECTOR = YES;
				GCC_WARN_UNINITIALIZED_AUTOS = YES_AGGRESSIVE;
				GCC_WARN_UNUSED_FUNCTION = YES;
				GCC_WARN_UNUSED_VARIABLE = YES;
				IPHONEOS_DEPLOYMENT_TARGET = 15.5;
				MTL_ENABLE_DEBUG_INFO = NO;
				MTL_FAST_MATH = YES;
				SDKROOT = iphoneos;
				SWIFT_COMPILATION_MODE = wholemodule;
				SWIFT_OPTIMIZATION_LEVEL = "-O";
				VALIDATE_PRODUCT = YES;
			};
			name = Release;
		};
		CAD6A1A928D00CE400C606D2 /* Debug */ = {
			isa = XCBuildConfiguration;
			baseConfigurationReference = 93FE66E721F2425E114674EF /* Pods-flix.debug.xcconfig */;
			buildSettings = {
				ASSETCATALOG_COMPILER_APPICON_NAME = AppIcon;
				ASSETCATALOG_COMPILER_GLOBAL_ACCENT_COLOR_NAME = AccentColor;
				CODE_SIGN_STYLE = Automatic;
				CURRENT_PROJECT_VERSION = 1;
				DEVELOPMENT_TEAM = XTPBJXDPKX;
				GENERATE_INFOPLIST_FILE = YES;
				INFOPLIST_FILE = flix/Info.plist;
				INFOPLIST_KEY_UIApplicationSupportsIndirectInputEvents = YES;
				INFOPLIST_KEY_UILaunchStoryboardName = LaunchScreen;
				INFOPLIST_KEY_UIMainStoryboardFile = Main;
				INFOPLIST_KEY_UISupportedInterfaceOrientations_iPad = "UIInterfaceOrientationPortrait UIInterfaceOrientationPortraitUpsideDown UIInterfaceOrientationLandscapeLeft UIInterfaceOrientationLandscapeRight";
				INFOPLIST_KEY_UISupportedInterfaceOrientations_iPhone = "UIInterfaceOrientationPortrait UIInterfaceOrientationLandscapeLeft UIInterfaceOrientationLandscapeRight";
				LD_RUNPATH_SEARCH_PATHS = (
					"$(inherited)",
					"@executable_path/Frameworks",
				);
				MARKETING_VERSION = 1.0;
				PRODUCT_BUNDLE_IDENTIFIER = com.paigethompson150.flix;
				PRODUCT_NAME = "$(TARGET_NAME)";
				SWIFT_EMIT_LOC_STRINGS = YES;
				SWIFT_VERSION = 5.0;
				TARGETED_DEVICE_FAMILY = "1,2";
			};
			name = Debug;
		};
		CAD6A1AA28D00CE400C606D2 /* Release */ = {
			isa = XCBuildConfiguration;
			baseConfigurationReference = 7A29070A82E16637892AC58C /* Pods-flix.release.xcconfig */;
			buildSettings = {
				ASSETCATALOG_COMPILER_APPICON_NAME = AppIcon;
				ASSETCATALOG_COMPILER_GLOBAL_ACCENT_COLOR_NAME = AccentColor;
				CODE_SIGN_STYLE = Automatic;
				CURRENT_PROJECT_VERSION = 1;
				DEVELOPMENT_TEAM = XTPBJXDPKX;
				GENERATE_INFOPLIST_FILE = YES;
				INFOPLIST_FILE = flix/Info.plist;
				INFOPLIST_KEY_UIApplicationSupportsIndirectInputEvents = YES;
				INFOPLIST_KEY_UILaunchStoryboardName = LaunchScreen;
				INFOPLIST_KEY_UIMainStoryboardFile = Main;
				INFOPLIST_KEY_UISupportedInterfaceOrientations_iPad = "UIInterfaceOrientationPortrait UIInterfaceOrientationPortraitUpsideDown UIInterfaceOrientationLandscapeLeft UIInterfaceOrientationLandscapeRight";
				INFOPLIST_KEY_UISupportedInterfaceOrientations_iPhone = "UIInterfaceOrientationPortrait UIInterfaceOrientationLandscapeLeft UIInterfaceOrientationLandscapeRight";
				LD_RUNPATH_SEARCH_PATHS = (
					"$(inherited)",
					"@executable_path/Frameworks",
				);
				MARKETING_VERSION = 1.0;
				PRODUCT_BUNDLE_IDENTIFIER = com.paigethompson150.flix;
				PRODUCT_NAME = "$(TARGET_NAME)";
				SWIFT_EMIT_LOC_STRINGS = YES;
				SWIFT_VERSION = 5.0;
				TARGETED_DEVICE_FAMILY = "1,2";
			};
			name = Release;
		};
		CAD6A1AC28D00CE400C606D2 /* Debug */ = {
			isa = XCBuildConfiguration;
			baseConfigurationReference = BB3EE8E4F1F07B144161761A /* Pods-flixTests.debug.xcconfig */;
			buildSettings = {
				ALWAYS_EMBED_SWIFT_STANDARD_LIBRARIES = YES;
				BUNDLE_LOADER = "$(TEST_HOST)";
				CODE_SIGN_STYLE = Automatic;
				CURRENT_PROJECT_VERSION = 1;
				DEVELOPMENT_TEAM = XTPBJXDPKX;
				GENERATE_INFOPLIST_FILE = YES;
				IPHONEOS_DEPLOYMENT_TARGET = 15.5;
				MARKETING_VERSION = 1.0;
				PRODUCT_BUNDLE_IDENTIFIER = com.paigethompson150.flixTests;
				PRODUCT_NAME = "$(TARGET_NAME)";
				SWIFT_EMIT_LOC_STRINGS = NO;
				SWIFT_VERSION = 5.0;
				TARGETED_DEVICE_FAMILY = "1,2";
				TEST_HOST = "$(BUILT_PRODUCTS_DIR)/flix.app/flix";
			};
			name = Debug;
		};
		CAD6A1AD28D00CE400C606D2 /* Release */ = {
			isa = XCBuildConfiguration;
			baseConfigurationReference = CA3C9164091266FC03E436ED /* Pods-flixTests.release.xcconfig */;
			buildSettings = {
				ALWAYS_EMBED_SWIFT_STANDARD_LIBRARIES = YES;
				BUNDLE_LOADER = "$(TEST_HOST)";
				CODE_SIGN_STYLE = Automatic;
				CURRENT_PROJECT_VERSION = 1;
				DEVELOPMENT_TEAM = XTPBJXDPKX;
				GENERATE_INFOPLIST_FILE = YES;
				IPHONEOS_DEPLOYMENT_TARGET = 15.5;
				MARKETING_VERSION = 1.0;
				PRODUCT_BUNDLE_IDENTIFIER = com.paigethompson150.flixTests;
				PRODUCT_NAME = "$(TARGET_NAME)";
				SWIFT_EMIT_LOC_STRINGS = NO;
				SWIFT_VERSION = 5.0;
				TARGETED_DEVICE_FAMILY = "1,2";
				TEST_HOST = "$(BUILT_PRODUCTS_DIR)/flix.app/flix";
			};
			name = Release;
		};
		CAD6A1AF28D00CE400C606D2 /* Debug */ = {
			isa = XCBuildConfiguration;
			baseConfigurationReference = E6D4BD6BEF10B4D240492873 /* Pods-flix-flixUITests.debug.xcconfig */;
			buildSettings = {
				ALWAYS_EMBED_SWIFT_STANDARD_LIBRARIES = YES;
				CODE_SIGN_STYLE = Automatic;
				CURRENT_PROJECT_VERSION = 1;
				DEVELOPMENT_TEAM = XTPBJXDPKX;
				GENERATE_INFOPLIST_FILE = YES;
				MARKETING_VERSION = 1.0;
				PRODUCT_BUNDLE_IDENTIFIER = com.paigethompson150.flixUITests;
				PRODUCT_NAME = "$(TARGET_NAME)";
				SWIFT_EMIT_LOC_STRINGS = NO;
				SWIFT_VERSION = 5.0;
				TARGETED_DEVICE_FAMILY = "1,2";
				TEST_TARGET_NAME = flix;
			};
			name = Debug;
		};
		CAD6A1B028D00CE400C606D2 /* Release */ = {
			isa = XCBuildConfiguration;
			baseConfigurationReference = ED2B53686E7B8A4CF1255371 /* Pods-flix-flixUITests.release.xcconfig */;
			buildSettings = {
				ALWAYS_EMBED_SWIFT_STANDARD_LIBRARIES = YES;
				CODE_SIGN_STYLE = Automatic;
				CURRENT_PROJECT_VERSION = 1;
				DEVELOPMENT_TEAM = XTPBJXDPKX;
				GENERATE_INFOPLIST_FILE = YES;
				MARKETING_VERSION = 1.0;
				PRODUCT_BUNDLE_IDENTIFIER = com.paigethompson150.flixUITests;
				PRODUCT_NAME = "$(TARGET_NAME)";
				SWIFT_EMIT_LOC_STRINGS = NO;
				SWIFT_VERSION = 5.0;
				TARGETED_DEVICE_FAMILY = "1,2";
				TEST_TARGET_NAME = flix;
			};
			name = Release;
		};
/* End XCBuildConfiguration section */

/* Begin XCConfigurationList section */
		CAD6A17928D00CE300C606D2 /* Build configuration list for PBXProject "flix" */ = {
			isa = XCConfigurationList;
			buildConfigurations = (
				CAD6A1A628D00CE400C606D2 /* Debug */,
				CAD6A1A728D00CE400C606D2 /* Release */,
			);
			defaultConfigurationIsVisible = 0;
			defaultConfigurationName = Release;
		};
		CAD6A1A828D00CE400C606D2 /* Build configuration list for PBXNativeTarget "flix" */ = {
			isa = XCConfigurationList;
			buildConfigurations = (
				CAD6A1A928D00CE400C606D2 /* Debug */,
				CAD6A1AA28D00CE400C606D2 /* Release */,
			);
			defaultConfigurationIsVisible = 0;
			defaultConfigurationName = Release;
		};
		CAD6A1AB28D00CE400C606D2 /* Build configuration list for PBXNativeTarget "flixTests" */ = {
			isa = XCConfigurationList;
			buildConfigurations = (
				CAD6A1AC28D00CE400C606D2 /* Debug */,
				CAD6A1AD28D00CE400C606D2 /* Release */,
			);
			defaultConfigurationIsVisible = 0;
			defaultConfigurationName = Release;
		};
		CAD6A1AE28D00CE400C606D2 /* Build configuration list for PBXNativeTarget "flixUITests" */ = {
			isa = XCConfigurationList;
			buildConfigurations = (
				CAD6A1AF28D00CE400C606D2 /* Debug */,
				CAD6A1B028D00CE400C606D2 /* Release */,
			);
			defaultConfigurationIsVisible = 0;
			defaultConfigurationName = Release;
		};
/* End XCConfigurationList section */

/* Begin XCRemoteSwiftPackageReference section */
		CAA2DEE528D0CD20007E3FF3 /* XCRemoteSwiftPackageReference "AlamofireImage" */ = {
			isa = XCRemoteSwiftPackageReference;
			repositoryURL = "https://github.com/Alamofire/AlamofireImage";
			requirement = {
				branch = master;
				kind = branch;
			};
		};
/* End XCRemoteSwiftPackageReference section */

/* Begin XCSwiftPackageProductDependency section */
		CAA2DEE628D0CD20007E3FF3 /* AlamofireImage */ = {
			isa = XCSwiftPackageProductDependency;
			package = CAA2DEE528D0CD20007E3FF3 /* XCRemoteSwiftPackageReference "AlamofireImage" */;
			productName = AlamofireImage;
		};
/* End XCSwiftPackageProductDependency section */
	};
	rootObject = CAD6A17628D00CE300C606D2 /* Project object */;
}
